
Microsoft Visual Studio Solution File, Format Version 12.00
# Visual Studio Version 16
VisualStudioVersion = 16.0.31112.23
MinimumVisualStudioVersion = 10.0.40219.1
Project("{FAE04EC0-301F-11D3-BF4B-00C04F79EFBC}") = "passwordManager", "gestor\passwordManager.csproj", "{7D491B94-58A7-4A0E-A9E1-CBE2F16F02D7}"
EndProject
Project("{9A19103F-16F7-4668-BE54-9A1E7A4F7556}") = "passwordManagerTest", "gestorTest\passwordManagerTest.csproj", "{FB64110A-17C3-4EEE-84CE-51BFC7A20355}"
EndProject
Global
	GlobalSection(SolutionConfigurationPlatforms) = preSolution
		Debug|Any CPU = Debug|Any CPU
		Release|Any CPU = Release|Any CPU
	EndGlobalSection
	GlobalSection(ProjectConfigurationPlatforms) = postSolution
		{7D491B94-58A7-4A0E-A9E1-CBE2F16F02D7}.Debug|Any CPU.ActiveCfg = Debug|Any CPU
		{7D491B94-58A7-4A0E-A9E1-CBE2F16F02D7}.Debug|Any CPU.Build.0 = Debug|Any CPU
		{7D491B94-58A7-4A0E-A9E1-CBE2F16F02D7}.Release|Any CPU.ActiveCfg = Release|Any CPU
		{7D491B94-58A7-4A0E-A9E1-CBE2F16F02D7}.Release|Any CPU.Build.0 = Release|Any CPU
		{FB64110A-17C3-4EEE-84CE-51BFC7A20355}.Debug|Any CPU.ActiveCfg = Debug|Any CPU
		{FB64110A-17C3-4EEE-84CE-51BFC7A20355}.Debug|Any CPU.Build.0 = Debug|Any CPU
		{FB64110A-17C3-4EEE-84CE-51BFC7A20355}.Release|Any CPU.ActiveCfg = Release|Any CPU
		{FB64110A-17C3-4EEE-84CE-51BFC7A20355}.Release|Any CPU.Build.0 = Release|Any CPU
	EndGlobalSection
	GlobalSection(SolutionProperties) = preSolution
		HideSolutionNode = FALSE
	EndGlobalSection
	GlobalSection(ExtensibilityGlobals) = postSolution
		SolutionGuid = {05913A92-AF4F-456C-AB0C-70B91105AEDD}
	EndGlobalSection
EndGlobal
