
Microsoft Visual Studio Solution File, Format Version 12.00
# Visual Studio Version 16
VisualStudioVersion = 16.0.31112.23
MinimumVisualStudioVersion = 10.0.40219.1
Project("{FAE04EC0-301F-11D3-BF4B-00C04F79EFBC}") = "passwordManager", "passwordManager\passwordManager.csproj", "{A243701B-4E2A-4A87-B96C-EBC5D151A782}"
EndProject
Project("{FAE04EC0-301F-11D3-BF4B-00C04F79EFBC}") = "passwordManagerTest", "passwordManagerTest\passwordManagerTest.csproj", "{A5BA4EEC-8497-4A0D-9A85-A7B7EC33320B}"
EndProject
Project("{FAE04EC0-301F-11D3-BF4B-00C04F79EFBC}") = "Interface", "Interface\Interface.csproj", "{C6DDFEC2-9C0F-48F6-9BEC-058C7FDAD748}"
EndProject
Global
	GlobalSection(SolutionConfigurationPlatforms) = preSolution
		Debug|Any CPU = Debug|Any CPU
		Release|Any CPU = Release|Any CPU
	EndGlobalSection
	GlobalSection(ProjectConfigurationPlatforms) = postSolution
		{A243701B-4E2A-4A87-B96C-EBC5D151A782}.Debug|Any CPU.ActiveCfg = Debug|Any CPU
		{A243701B-4E2A-4A87-B96C-EBC5D151A782}.Debug|Any CPU.Build.0 = Debug|Any CPU
		{A243701B-4E2A-4A87-B96C-EBC5D151A782}.Release|Any CPU.ActiveCfg = Release|Any CPU
		{A243701B-4E2A-4A87-B96C-EBC5D151A782}.Release|Any CPU.Build.0 = Release|Any CPU
		{A5BA4EEC-8497-4A0D-9A85-A7B7EC33320B}.Debug|Any CPU.ActiveCfg = Debug|Any CPU
		{A5BA4EEC-8497-4A0D-9A85-A7B7EC33320B}.Debug|Any CPU.Build.0 = Debug|Any CPU
		{A5BA4EEC-8497-4A0D-9A85-A7B7EC33320B}.Release|Any CPU.ActiveCfg = Release|Any CPU
		{A5BA4EEC-8497-4A0D-9A85-A7B7EC33320B}.Release|Any CPU.Build.0 = Release|Any CPU
		{C6DDFEC2-9C0F-48F6-9BEC-058C7FDAD748}.Debug|Any CPU.ActiveCfg = Debug|Any CPU
		{C6DDFEC2-9C0F-48F6-9BEC-058C7FDAD748}.Debug|Any CPU.Build.0 = Debug|Any CPU
		{C6DDFEC2-9C0F-48F6-9BEC-058C7FDAD748}.Release|Any CPU.ActiveCfg = Release|Any CPU
		{C6DDFEC2-9C0F-48F6-9BEC-058C7FDAD748}.Release|Any CPU.Build.0 = Release|Any CPU
	EndGlobalSection
	GlobalSection(SolutionProperties) = preSolution
		HideSolutionNode = FALSE
	EndGlobalSection
	GlobalSection(ExtensibilityGlobals) = postSolution
		SolutionGuid = {2BDD49CF-F051-475E-AD00-7A84650C4B80}
	EndGlobalSection
EndGlobal
